
Microsoft Visual Studio Solution File, Format Version 12.00
# Visual Studio 15
VisualStudioVersion = 15.0.28307.438
MinimumVisualStudioVersion = 10.0.40219.1
Project("{FAE04EC0-301F-11D3-BF4B-00C04F79EFBC}") = "MazeGen2D", "MazeGen2D\MazeGen2D.csproj", "{FCBAE449-9BFD-4BFB-BF93-950116B51F7F}"
EndProject
Global
	GlobalSection(SolutionConfigurationPlatforms) = preSolution
		Debug|Any CPU = Debug|Any CPU
		Release|Any CPU = Release|Any CPU
	EndGlobalSection
	GlobalSection(ProjectConfigurationPlatforms) = postSolution
		{FCBAE449-9BFD-4BFB-BF93-950116B51F7F}.Debug|Any CPU.ActiveCfg = Debug|Any CPU
		{FCBAE449-9BFD-4BFB-BF93-950116B51F7F}.Debug|Any CPU.Build.0 = Debug|Any CPU
		{FCBAE449-9BFD-4BFB-BF93-950116B51F7F}.Release|Any CPU.ActiveCfg = Release|Any CPU
		{FCBAE449-9BFD-4BFB-BF93-950116B51F7F}.Release|Any CPU.Build.0 = Release|Any CPU
	EndGlobalSection
	GlobalSection(SolutionProperties) = preSolution
		HideSolutionNode = FALSE
	EndGlobalSection
	GlobalSection(ExtensibilityGlobals) = postSolution
		SolutionGuid = {73119508-D7B2-4714-AE4A-058A519C292D}
	EndGlobalSection
EndGlobal
